
Microsoft Visual Studio Solution File, Format Version 12.00
# Visual Studio 15
VisualStudioVersion = 15.0.28307.572
MinimumVisualStudioVersion = 10.0.40219.1
Project("{FAE04EC0-301F-11D3-BF4B-00C04F79EFBC}") = "Sales.Android", "Sales\Sales.Android\Sales.Android.csproj", "{73036AB6-7D31-45A9-8586-5A50010D5F60}"
EndProject
Project("{FAE04EC0-301F-11D3-BF4B-00C04F79EFBC}") = "Sales.iOS", "Sales\Sales.iOS\Sales.iOS.csproj", "{8F948A7A-C5C1-4C4E-8C24-56A5FB320D9A}"
EndProject
Project("{FAE04EC0-301F-11D3-BF4B-00C04F79EFBC}") = "Sales.UWP", "Sales\Sales.UWP\Sales.UWP.csproj", "{46BA1C70-82FD-41AC-A8FA-FCB36B13A41A}"
EndProject
Project("{FAE04EC0-301F-11D3-BF4B-00C04F79EFBC}") = "Sales", "Sales\Sales\Sales.csproj", "{A90508A2-4503-46C4-A040-BD06AA04AE1B}"
EndProject
Project("{FAE04EC0-301F-11D3-BF4B-00C04F79EFBC}") = "Sales.Backend", "Sales.Backend\Sales.Backend.csproj", "{3C1872B3-F62B-4B3F-8B1F-A1AC01D2F191}"
EndProject
Project("{FAE04EC0-301F-11D3-BF4B-00C04F79EFBC}") = "Sales.API", "Sales.API\Sales.API.csproj", "{DCFCC63D-7750-48FC-A644-15864228007F}"
EndProject
Project("{FAE04EC0-301F-11D3-BF4B-00C04F79EFBC}") = "Sales.Domain", "Sales.Domain\Sales.Domain.csproj", "{C1944D9B-6FAB-4063-8258-96E7826592C1}"
EndProject
Project("{FAE04EC0-301F-11D3-BF4B-00C04F79EFBC}") = "Sales.Common", "Sales.Common\Sales.Common.csproj", "{A782805C-6E7E-4D27-980F-C14D3FB39FEC}"
EndProject
Global
	GlobalSection(SolutionConfigurationPlatforms) = preSolution
		Ad-Hoc|Any CPU = Ad-Hoc|Any CPU
		Ad-Hoc|ARM = Ad-Hoc|ARM
		Ad-Hoc|iPhone = Ad-Hoc|iPhone
		Ad-Hoc|iPhoneSimulator = Ad-Hoc|iPhoneSimulator
		Ad-Hoc|x64 = Ad-Hoc|x64
		Ad-Hoc|x86 = Ad-Hoc|x86
		AppStore|Any CPU = AppStore|Any CPU
		AppStore|ARM = AppStore|ARM
		AppStore|iPhone = AppStore|iPhone
		AppStore|iPhoneSimulator = AppStore|iPhoneSimulator
		AppStore|x64 = AppStore|x64
		AppStore|x86 = AppStore|x86
		Debug|Any CPU = Debug|Any CPU
		Debug|ARM = Debug|ARM
		Debug|iPhone = Debug|iPhone
		Debug|iPhoneSimulator = Debug|iPhoneSimulator
		Debug|x64 = Debug|x64
		Debug|x86 = Debug|x86
		Release|Any CPU = Release|Any CPU
		Release|ARM = Release|ARM
		Release|iPhone = Release|iPhone
		Release|iPhoneSimulator = Release|iPhoneSimulator
		Release|x64 = Release|x64
		Release|x86 = Release|x86
	EndGlobalSection
	GlobalSection(ProjectConfigurationPlatforms) = postSolution
		{73036AB6-7D31-45A9-8586-5A50010D5F60}.Ad-Hoc|Any CPU.ActiveCfg = Release|Any CPU
		{73036AB6-7D31-45A9-8586-5A50010D5F60}.Ad-Hoc|Any CPU.Build.0 = Release|Any CPU
		{73036AB6-7D31-45A9-8586-5A50010D5F60}.Ad-Hoc|Any CPU.Deploy.0 = Release|Any CPU
		{73036AB6-7D31-45A9-8586-5A50010D5F60}.Ad-Hoc|ARM.ActiveCfg = Release|Any CPU
		{73036AB6-7D31-45A9-8586-5A50010D5F60}.Ad-Hoc|ARM.Build.0 = Release|Any CPU
		{73036AB6-7D31-45A9-8586-5A50010D5F60}.Ad-Hoc|ARM.Deploy.0 = Release|Any CPU
		{73036AB6-7D31-45A9-8586-5A50010D5F60}.Ad-Hoc|iPhone.ActiveCfg = Release|Any CPU
		{73036AB6-7D31-45A9-8586-5A50010D5F60}.Ad-Hoc|iPhone.Build.0 = Release|Any CPU
		{73036AB6-7D31-45A9-8586-5A50010D5F60}.Ad-Hoc|iPhone.Deploy.0 = Release|Any CPU
		{73036AB6-7D31-45A9-8586-5A50010D5F60}.Ad-Hoc|iPhoneSimulator.ActiveCfg = Release|Any CPU
		{73036AB6-7D31-45A9-8586-5A50010D5F60}.Ad-Hoc|iPhoneSimulator.Build.0 = Release|Any CPU
		{73036AB6-7D31-45A9-8586-5A50010D5F60}.Ad-Hoc|iPhoneSimulator.Deploy.0 = Release|Any CPU
		{73036AB6-7D31-45A9-8586-5A50010D5F60}.Ad-Hoc|x64.ActiveCfg = Release|Any CPU
		{73036AB6-7D31-45A9-8586-5A50010D5F60}.Ad-Hoc|x64.Build.0 = Release|Any CPU
		{73036AB6-7D31-45A9-8586-5A50010D5F60}.Ad-Hoc|x64.Deploy.0 = Release|Any CPU
		{73036AB6-7D31-45A9-8586-5A50010D5F60}.Ad-Hoc|x86.ActiveCfg = Release|Any CPU
		{73036AB6-7D31-45A9-8586-5A50010D5F60}.Ad-Hoc|x86.Build.0 = Release|Any CPU
		{73036AB6-7D31-45A9-8586-5A50010D5F60}.Ad-Hoc|x86.Deploy.0 = Release|Any CPU
		{73036AB6-7D31-45A9-8586-5A50010D5F60}.AppStore|Any CPU.ActiveCfg = Release|Any CPU
		{73036AB6-7D31-45A9-8586-5A50010D5F60}.AppStore|Any CPU.Build.0 = Release|Any CPU
		{73036AB6-7D31-45A9-8586-5A50010D5F60}.AppStore|Any CPU.Deploy.0 = Release|Any CPU
		{73036AB6-7D31-45A9-8586-5A50010D5F60}.AppStore|ARM.ActiveCfg = Release|Any CPU
		{73036AB6-7D31-45A9-8586-5A50010D5F60}.AppStore|ARM.Build.0 = Release|Any CPU
		{73036AB6-7D31-45A9-8586-5A50010D5F60}.AppStore|ARM.Deploy.0 = Release|Any CPU
		{73036AB6-7D31-45A9-8586-5A50010D5F60}.AppStore|iPhone.ActiveCfg = Release|Any CPU
		{73036AB6-7D31-45A9-8586-5A50010D5F60}.AppStore|iPhone.Build.0 = Release|Any CPU
		{73036AB6-7D31-45A9-8586-5A50010D5F60}.AppStore|iPhone.Deploy.0 = Release|Any CPU
		{73036AB6-7D31-45A9-8586-5A50010D5F60}.AppStore|iPhoneSimulator.ActiveCfg = Release|Any CPU
		{73036AB6-7D31-45A9-8586-5A50010D5F60}.AppStore|iPhoneSimulator.Build.0 = Release|Any CPU
		{73036AB6-7D31-45A9-8586-5A50010D5F60}.AppStore|iPhoneSimulator.Deploy.0 = Release|Any CPU
		{73036AB6-7D31-45A9-8586-5A50010D5F60}.AppStore|x64.ActiveCfg = Release|Any CPU
		{73036AB6-7D31-45A9-8586-5A50010D5F60}.AppStore|x64.Build.0 = Release|Any CPU
		{73036AB6-7D31-45A9-8586-5A50010D5F60}.AppStore|x64.Deploy.0 = Release|Any CPU
		{73036AB6-7D31-45A9-8586-5A50010D5F60}.AppStore|x86.ActiveCfg = Release|Any CPU
		{73036AB6-7D31-45A9-8586-5A50010D5F60}.AppStore|x86.Build.0 = Release|Any CPU
		{73036AB6-7D31-45A9-8586-5A50010D5F60}.AppStore|x86.Deploy.0 = Release|Any CPU
		{73036AB6-7D31-45A9-8586-5A50010D5F60}.Debug|Any CPU.ActiveCfg = Debug|Any CPU
		{73036AB6-7D31-45A9-8586-5A50010D5F60}.Debug|Any CPU.Build.0 = Debug|Any CPU
		{73036AB6-7D31-45A9-8586-5A50010D5F60}.Debug|Any CPU.Deploy.0 = Debug|Any CPU
		{73036AB6-7D31-45A9-8586-5A50010D5F60}.Debug|ARM.ActiveCfg = Debug|Any CPU
		{73036AB6-7D31-45A9-8586-5A50010D5F60}.Debug|ARM.Build.0 = Debug|Any CPU
		{73036AB6-7D31-45A9-8586-5A50010D5F60}.Debug|ARM.Deploy.0 = Debug|Any CPU
		{73036AB6-7D31-45A9-8586-5A50010D5F60}.Debug|iPhone.ActiveCfg = Debug|Any CPU
		{73036AB6-7D31-45A9-8586-5A50010D5F60}.Debug|iPhone.Build.0 = Debug|Any CPU
		{73036AB6-7D31-45A9-8586-5A50010D5F60}.Debug|iPhone.Deploy.0 = Debug|Any CPU
		{73036AB6-7D31-45A9-8586-5A50010D5F60}.Debug|iPhoneSimulator.ActiveCfg = Debug|Any CPU
		{73036AB6-7D31-45A9-8586-5A50010D5F60}.Debug|iPhoneSimulator.Build.0 = Debug|Any CPU
		{73036AB6-7D31-45A9-8586-5A50010D5F60}.Debug|iPhoneSimulator.Deploy.0 = Debug|Any CPU
		{73036AB6-7D31-45A9-8586-5A50010D5F60}.Debug|x64.ActiveCfg = Debug|Any CPU
		{73036AB6-7D31-45A9-8586-5A50010D5F60}.Debug|x64.Build.0 = Debug|Any CPU
		{73036AB6-7D31-45A9-8586-5A50010D5F60}.Debug|x64.Deploy.0 = Debug|Any CPU
		{73036AB6-7D31-45A9-8586-5A50010D5F60}.Debug|x86.ActiveCfg = Debug|Any CPU
		{73036AB6-7D31-45A9-8586-5A50010D5F60}.Debug|x86.Build.0 = Debug|Any CPU
		{73036AB6-7D31-45A9-8586-5A50010D5F60}.Debug|x86.Deploy.0 = Debug|Any CPU
		{73036AB6-7D31-45A9-8586-5A50010D5F60}.Release|Any CPU.ActiveCfg = Release|Any CPU
		{73036AB6-7D31-45A9-8586-5A50010D5F60}.Release|Any CPU.Build.0 = Release|Any CPU
		{73036AB6-7D31-45A9-8586-5A50010D5F60}.Release|Any CPU.Deploy.0 = Release|Any CPU
		{73036AB6-7D31-45A9-8586-5A50010D5F60}.Release|ARM.ActiveCfg = Release|Any CPU
		{73036AB6-7D31-45A9-8586-5A50010D5F60}.Release|ARM.Build.0 = Release|Any CPU
		{73036AB6-7D31-45A9-8586-5A50010D5F60}.Release|ARM.Deploy.0 = Release|Any CPU
		{73036AB6-7D31-45A9-8586-5A50010D5F60}.Release|iPhone.ActiveCfg = Release|Any CPU
		{73036AB6-7D31-45A9-8586-5A50010D5F60}.Release|iPhone.Build.0 = Release|Any CPU
		{73036AB6-7D31-45A9-8586-5A50010D5F60}.Release|iPhone.Deploy.0 = Release|Any CPU
		{73036AB6-7D31-45A9-8586-5A50010D5F60}.Release|iPhoneSimulator.ActiveCfg = Release|Any CPU
		{73036AB6-7D31-45A9-8586-5A50010D5F60}.Release|iPhoneSimulator.Build.0 = Release|Any CPU
		{73036AB6-7D31-45A9-8586-5A50010D5F60}.Release|iPhoneSimulator.Deploy.0 = Release|Any CPU
		{73036AB6-7D31-45A9-8586-5A50010D5F60}.Release|x64.ActiveCfg = Release|Any CPU
		{73036AB6-7D31-45A9-8586-5A50010D5F60}.Release|x64.Build.0 = Release|Any CPU
		{73036AB6-7D31-45A9-8586-5A50010D5F60}.Release|x64.Deploy.0 = Release|Any CPU
		{73036AB6-7D31-45A9-8586-5A50010D5F60}.Release|x86.ActiveCfg = Release|Any CPU
		{73036AB6-7D31-45A9-8586-5A50010D5F60}.Release|x86.Build.0 = Release|Any CPU
		{73036AB6-7D31-45A9-8586-5A50010D5F60}.Release|x86.Deploy.0 = Release|Any CPU
		{8F948A7A-C5C1-4C4E-8C24-56A5FB320D9A}.Ad-Hoc|Any CPU.ActiveCfg = Ad-Hoc|iPhone
		{8F948A7A-C5C1-4C4E-8C24-56A5FB320D9A}.Ad-Hoc|Any CPU.Build.0 = Ad-Hoc|iPhone
		{8F948A7A-C5C1-4C4E-8C24-56A5FB320D9A}.Ad-Hoc|Any CPU.Deploy.0 = Ad-Hoc|iPhone
		{8F948A7A-C5C1-4C4E-8C24-56A5FB320D9A}.Ad-Hoc|ARM.ActiveCfg = Ad-Hoc|iPhone
		{8F948A7A-C5C1-4C4E-8C24-56A5FB320D9A}.Ad-Hoc|ARM.Build.0 = Ad-Hoc|iPhone
		{8F948A7A-C5C1-4C4E-8C24-56A5FB320D9A}.Ad-Hoc|ARM.Deploy.0 = Ad-Hoc|iPhone
		{8F948A7A-C5C1-4C4E-8C24-56A5FB320D9A}.Ad-Hoc|iPhone.ActiveCfg = Ad-Hoc|iPhone
		{8F948A7A-C5C1-4C4E-8C24-56A5FB320D9A}.Ad-Hoc|iPhone.Build.0 = Ad-Hoc|iPhone
		{8F948A7A-C5C1-4C4E-8C24-56A5FB320D9A}.Ad-Hoc|iPhone.Deploy.0 = Ad-Hoc|iPhone
		{8F948A7A-C5C1-4C4E-8C24-56A5FB320D9A}.Ad-Hoc|iPhoneSimulator.ActiveCfg = Ad-Hoc|iPhoneSimulator
		{8F948A7A-C5C1-4C4E-8C24-56A5FB320D9A}.Ad-Hoc|iPhoneSimulator.Build.0 = Ad-Hoc|iPhoneSimulator
		{8F948A7A-C5C1-4C4E-8C24-56A5FB320D9A}.Ad-Hoc|iPhoneSimulator.Deploy.0 = Ad-Hoc|iPhoneSimulator
		{8F948A7A-C5C1-4C4E-8C24-56A5FB320D9A}.Ad-Hoc|x64.ActiveCfg = Ad-Hoc|iPhone
		{8F948A7A-C5C1-4C4E-8C24-56A5FB320D9A}.Ad-Hoc|x64.Build.0 = Ad-Hoc|iPhone
		{8F948A7A-C5C1-4C4E-8C24-56A5FB320D9A}.Ad-Hoc|x64.Deploy.0 = Ad-Hoc|iPhone
		{8F948A7A-C5C1-4C4E-8C24-56A5FB320D9A}.Ad-Hoc|x86.ActiveCfg = Ad-Hoc|iPhone
		{8F948A7A-C5C1-4C4E-8C24-56A5FB320D9A}.Ad-Hoc|x86.Build.0 = Ad-Hoc|iPhone
		{8F948A7A-C5C1-4C4E-8C24-56A5FB320D9A}.Ad-Hoc|x86.Deploy.0 = Ad-Hoc|iPhone
		{8F948A7A-C5C1-4C4E-8C24-56A5FB320D9A}.AppStore|Any CPU.ActiveCfg = AppStore|iPhone
		{8F948A7A-C5C1-4C4E-8C24-56A5FB320D9A}.AppStore|Any CPU.Build.0 = AppStore|iPhone
		{8F948A7A-C5C1-4C4E-8C24-56A5FB320D9A}.AppStore|Any CPU.Deploy.0 = AppStore|iPhone
		{8F948A7A-C5C1-4C4E-8C24-56A5FB320D9A}.AppStore|ARM.ActiveCfg = AppStore|iPhone
		{8F948A7A-C5C1-4C4E-8C24-56A5FB320D9A}.AppStore|ARM.Build.0 = AppStore|iPhone
		{8F948A7A-C5C1-4C4E-8C24-56A5FB320D9A}.AppStore|ARM.Deploy.0 = AppStore|iPhone
		{8F948A7A-C5C1-4C4E-8C24-56A5FB320D9A}.AppStore|iPhone.ActiveCfg = AppStore|iPhone
		{8F948A7A-C5C1-4C4E-8C24-56A5FB320D9A}.AppStore|iPhone.Build.0 = AppStore|iPhone
		{8F948A7A-C5C1-4C4E-8C24-56A5FB320D9A}.AppStore|iPhone.Deploy.0 = AppStore|iPhone
		{8F948A7A-C5C1-4C4E-8C24-56A5FB320D9A}.AppStore|iPhoneSimulator.ActiveCfg = AppStore|iPhoneSimulator
		{8F948A7A-C5C1-4C4E-8C24-56A5FB320D9A}.AppStore|iPhoneSimulator.Build.0 = AppStore|iPhoneSimulator
		{8F948A7A-C5C1-4C4E-8C24-56A5FB320D9A}.AppStore|iPhoneSimulator.Deploy.0 = AppStore|iPhoneSimulator
		{8F948A7A-C5C1-4C4E-8C24-56A5FB320D9A}.AppStore|x64.ActiveCfg = AppStore|iPhone
		{8F948A7A-C5C1-4C4E-8C24-56A5FB320D9A}.AppStore|x64.Build.0 = AppStore|iPhone
		{8F948A7A-C5C1-4C4E-8C24-56A5FB320D9A}.AppStore|x64.Deploy.0 = AppStore|iPhone
		{8F948A7A-C5C1-4C4E-8C24-56A5FB320D9A}.AppStore|x86.ActiveCfg = AppStore|iPhone
		{8F948A7A-C5C1-4C4E-8C24-56A5FB320D9A}.AppStore|x86.Build.0 = AppStore|iPhone
		{8F948A7A-C5C1-4C4E-8C24-56A5FB320D9A}.AppStore|x86.Deploy.0 = AppStore|iPhone
		{8F948A7A-C5C1-4C4E-8C24-56A5FB320D9A}.Debug|Any CPU.ActiveCfg = Debug|iPhoneSimulator
		{8F948A7A-C5C1-4C4E-8C24-56A5FB320D9A}.Debug|Any CPU.Build.0 = Debug|iPhoneSimulator
		{8F948A7A-C5C1-4C4E-8C24-56A5FB320D9A}.Debug|Any CPU.Deploy.0 = Debug|iPhoneSimulator
		{8F948A7A-C5C1-4C4E-8C24-56A5FB320D9A}.Debug|ARM.ActiveCfg = Debug|iPhone
		{8F948A7A-C5C1-4C4E-8C24-56A5FB320D9A}.Debug|ARM.Build.0 = Debug|iPhone
		{8F948A7A-C5C1-4C4E-8C24-56A5FB320D9A}.Debug|ARM.Deploy.0 = Debug|iPhone
		{8F948A7A-C5C1-4C4E-8C24-56A5FB320D9A}.Debug|iPhone.ActiveCfg = Debug|iPhone
		{8F948A7A-C5C1-4C4E-8C24-56A5FB320D9A}.Debug|iPhone.Build.0 = Debug|iPhone
		{8F948A7A-C5C1-4C4E-8C24-56A5FB320D9A}.Debug|iPhone.Deploy.0 = Debug|iPhone
		{8F948A7A-C5C1-4C4E-8C24-56A5FB320D9A}.Debug|iPhoneSimulator.ActiveCfg = Debug|iPhoneSimulator
		{8F948A7A-C5C1-4C4E-8C24-56A5FB320D9A}.Debug|iPhoneSimulator.Build.0 = Debug|iPhoneSimulator
		{8F948A7A-C5C1-4C4E-8C24-56A5FB320D9A}.Debug|iPhoneSimulator.Deploy.0 = Debug|iPhoneSimulator
		{8F948A7A-C5C1-4C4E-8C24-56A5FB320D9A}.Debug|x64.ActiveCfg = Debug|iPhone
		{8F948A7A-C5C1-4C4E-8C24-56A5FB320D9A}.Debug|x64.Build.0 = Debug|iPhone
		{8F948A7A-C5C1-4C4E-8C24-56A5FB320D9A}.Debug|x64.Deploy.0 = Debug|iPhone
		{8F948A7A-C5C1-4C4E-8C24-56A5FB320D9A}.Debug|x86.ActiveCfg = Debug|iPhone
		{8F948A7A-C5C1-4C4E-8C24-56A5FB320D9A}.Debug|x86.Build.0 = Debug|iPhone
		{8F948A7A-C5C1-4C4E-8C24-56A5FB320D9A}.Debug|x86.Deploy.0 = Debug|iPhone
		{8F948A7A-C5C1-4C4E-8C24-56A5FB320D9A}.Release|Any CPU.ActiveCfg = Release|iPhone
		{8F948A7A-C5C1-4C4E-8C24-56A5FB320D9A}.Release|Any CPU.Build.0 = Release|iPhone
		{8F948A7A-C5C1-4C4E-8C24-56A5FB320D9A}.Release|Any CPU.Deploy.0 = Release|iPhone
		{8F948A7A-C5C1-4C4E-8C24-56A5FB320D9A}.Release|ARM.ActiveCfg = Release|iPhone
		{8F948A7A-C5C1-4C4E-8C24-56A5FB320D9A}.Release|ARM.Build.0 = Release|iPhone
		{8F948A7A-C5C1-4C4E-8C24-56A5FB320D9A}.Release|ARM.Deploy.0 = Release|iPhone
		{8F948A7A-C5C1-4C4E-8C24-56A5FB320D9A}.Release|iPhone.ActiveCfg = Release|iPhone
		{8F948A7A-C5C1-4C4E-8C24-56A5FB320D9A}.Release|iPhone.Build.0 = Release|iPhone
		{8F948A7A-C5C1-4C4E-8C24-56A5FB320D9A}.Release|iPhone.Deploy.0 = Release|iPhone
		{8F948A7A-C5C1-4C4E-8C24-56A5FB320D9A}.Release|iPhoneSimulator.ActiveCfg = Release|iPhoneSimulator
		{8F948A7A-C5C1-4C4E-8C24-56A5FB320D9A}.Release|iPhoneSimulator.Build.0 = Release|iPhoneSimulator
		{8F948A7A-C5C1-4C4E-8C24-56A5FB320D9A}.Release|iPhoneSimulator.Deploy.0 = Release|iPhoneSimulator
		{8F948A7A-C5C1-4C4E-8C24-56A5FB320D9A}.Release|x64.ActiveCfg = Release|iPhone
		{8F948A7A-C5C1-4C4E-8C24-56A5FB320D9A}.Release|x64.Build.0 = Release|iPhone
		{8F948A7A-C5C1-4C4E-8C24-56A5FB320D9A}.Release|x64.Deploy.0 = Release|iPhone
		{8F948A7A-C5C1-4C4E-8C24-56A5FB320D9A}.Release|x86.ActiveCfg = Release|iPhone
		{8F948A7A-C5C1-4C4E-8C24-56A5FB320D9A}.Release|x86.Build.0 = Release|iPhone
		{8F948A7A-C5C1-4C4E-8C24-56A5FB320D9A}.Release|x86.Deploy.0 = Release|iPhone
		{46BA1C70-82FD-41AC-A8FA-FCB36B13A41A}.Ad-Hoc|Any CPU.ActiveCfg = Release|x86
		{46BA1C70-82FD-41AC-A8FA-FCB36B13A41A}.Ad-Hoc|Any CPU.Build.0 = Release|x86
		{46BA1C70-82FD-41AC-A8FA-FCB36B13A41A}.Ad-Hoc|Any CPU.Deploy.0 = Release|x86
		{46BA1C70-82FD-41AC-A8FA-FCB36B13A41A}.Ad-Hoc|ARM.ActiveCfg = Release|ARM
		{46BA1C70-82FD-41AC-A8FA-FCB36B13A41A}.Ad-Hoc|ARM.Build.0 = Release|ARM
		{46BA1C70-82FD-41AC-A8FA-FCB36B13A41A}.Ad-Hoc|ARM.Deploy.0 = Release|ARM
		{46BA1C70-82FD-41AC-A8FA-FCB36B13A41A}.Ad-Hoc|iPhone.ActiveCfg = Release|x86
		{46BA1C70-82FD-41AC-A8FA-FCB36B13A41A}.Ad-Hoc|iPhone.Build.0 = Release|x86
		{46BA1C70-82FD-41AC-A8FA-FCB36B13A41A}.Ad-Hoc|iPhone.Deploy.0 = Release|x86
		{46BA1C70-82FD-41AC-A8FA-FCB36B13A41A}.Ad-Hoc|iPhoneSimulator.ActiveCfg = Release|x86
		{46BA1C70-82FD-41AC-A8FA-FCB36B13A41A}.Ad-Hoc|iPhoneSimulator.Build.0 = Release|x86
		{46BA1C70-82FD-41AC-A8FA-FCB36B13A41A}.Ad-Hoc|iPhoneSimulator.Deploy.0 = Release|x86
		{46BA1C70-82FD-41AC-A8FA-FCB36B13A41A}.Ad-Hoc|x64.ActiveCfg = Release|x64
		{46BA1C70-82FD-41AC-A8FA-FCB36B13A41A}.Ad-Hoc|x64.Build.0 = Release|x64
		{46BA1C70-82FD-41AC-A8FA-FCB36B13A41A}.Ad-Hoc|x64.Deploy.0 = Release|x64
		{46BA1C70-82FD-41AC-A8FA-FCB36B13A41A}.Ad-Hoc|x86.ActiveCfg = Release|x86
		{46BA1C70-82FD-41AC-A8FA-FCB36B13A41A}.Ad-Hoc|x86.Build.0 = Release|x86
		{46BA1C70-82FD-41AC-A8FA-FCB36B13A41A}.Ad-Hoc|x86.Deploy.0 = Release|x86
		{46BA1C70-82FD-41AC-A8FA-FCB36B13A41A}.AppStore|Any CPU.ActiveCfg = Release|x86
		{46BA1C70-82FD-41AC-A8FA-FCB36B13A41A}.AppStore|Any CPU.Build.0 = Release|x86
		{46BA1C70-82FD-41AC-A8FA-FCB36B13A41A}.AppStore|Any CPU.Deploy.0 = Release|x86
		{46BA1C70-82FD-41AC-A8FA-FCB36B13A41A}.AppStore|ARM.ActiveCfg = Release|ARM
		{46BA1C70-82FD-41AC-A8FA-FCB36B13A41A}.AppStore|ARM.Build.0 = Release|ARM
		{46BA1C70-82FD-41AC-A8FA-FCB36B13A41A}.AppStore|ARM.Deploy.0 = Release|ARM
		{46BA1C70-82FD-41AC-A8FA-FCB36B13A41A}.AppStore|iPhone.ActiveCfg = Release|x86
		{46BA1C70-82FD-41AC-A8FA-FCB36B13A41A}.AppStore|iPhone.Build.0 = Release|x86
		{46BA1C70-82FD-41AC-A8FA-FCB36B13A41A}.AppStore|iPhone.Deploy.0 = Release|x86
		{46BA1C70-82FD-41AC-A8FA-FCB36B13A41A}.AppStore|iPhoneSimulator.ActiveCfg = Release|x86
		{46BA1C70-82FD-41AC-A8FA-FCB36B13A41A}.AppStore|iPhoneSimulator.Build.0 = Release|x86
		{46BA1C70-82FD-41AC-A8FA-FCB36B13A41A}.AppStore|iPhoneSimulator.Deploy.0 = Release|x86
		{46BA1C70-82FD-41AC-A8FA-FCB36B13A41A}.AppStore|x64.ActiveCfg = Release|x64
		{46BA1C70-82FD-41AC-A8FA-FCB36B13A41A}.AppStore|x64.Build.0 = Release|x64
		{46BA1C70-82FD-41AC-A8FA-FCB36B13A41A}.AppStore|x64.Deploy.0 = Release|x64
		{46BA1C70-82FD-41AC-A8FA-FCB36B13A41A}.AppStore|x86.ActiveCfg = Release|x86
		{46BA1C70-82FD-41AC-A8FA-FCB36B13A41A}.AppStore|x86.Build.0 = Release|x86
		{46BA1C70-82FD-41AC-A8FA-FCB36B13A41A}.AppStore|x86.Deploy.0 = Release|x86
		{46BA1C70-82FD-41AC-A8FA-FCB36B13A41A}.Debug|Any CPU.ActiveCfg = Debug|x86
		{46BA1C70-82FD-41AC-A8FA-FCB36B13A41A}.Debug|Any CPU.Build.0 = Debug|x86
		{46BA1C70-82FD-41AC-A8FA-FCB36B13A41A}.Debug|Any CPU.Deploy.0 = Debug|x86
		{46BA1C70-82FD-41AC-A8FA-FCB36B13A41A}.Debug|ARM.ActiveCfg = Debug|ARM
		{46BA1C70-82FD-41AC-A8FA-FCB36B13A41A}.Debug|ARM.Build.0 = Debug|ARM
		{46BA1C70-82FD-41AC-A8FA-FCB36B13A41A}.Debug|ARM.Deploy.0 = Debug|ARM
		{46BA1C70-82FD-41AC-A8FA-FCB36B13A41A}.Debug|iPhone.ActiveCfg = Debug|x86
		{46BA1C70-82FD-41AC-A8FA-FCB36B13A41A}.Debug|iPhone.Build.0 = Debug|x86
		{46BA1C70-82FD-41AC-A8FA-FCB36B13A41A}.Debug|iPhone.Deploy.0 = Debug|x86
		{46BA1C70-82FD-41AC-A8FA-FCB36B13A41A}.Debug|iPhoneSimulator.ActiveCfg = Debug|x86
		{46BA1C70-82FD-41AC-A8FA-FCB36B13A41A}.Debug|iPhoneSimulator.Build.0 = Debug|x86
		{46BA1C70-82FD-41AC-A8FA-FCB36B13A41A}.Debug|iPhoneSimulator.Deploy.0 = Debug|x86
		{46BA1C70-82FD-41AC-A8FA-FCB36B13A41A}.Debug|x64.ActiveCfg = Debug|x64
		{46BA1C70-82FD-41AC-A8FA-FCB36B13A41A}.Debug|x64.Build.0 = Debug|x64
		{46BA1C70-82FD-41AC-A8FA-FCB36B13A41A}.Debug|x64.Deploy.0 = Debug|x64
		{46BA1C70-82FD-41AC-A8FA-FCB36B13A41A}.Debug|x86.ActiveCfg = Debug|x86
		{46BA1C70-82FD-41AC-A8FA-FCB36B13A41A}.Debug|x86.Build.0 = Debug|x86
		{46BA1C70-82FD-41AC-A8FA-FCB36B13A41A}.Debug|x86.Deploy.0 = Debug|x86
		{46BA1C70-82FD-41AC-A8FA-FCB36B13A41A}.Release|Any CPU.ActiveCfg = Release|x86
		{46BA1C70-82FD-41AC-A8FA-FCB36B13A41A}.Release|Any CPU.Build.0 = Release|x86
		{46BA1C70-82FD-41AC-A8FA-FCB36B13A41A}.Release|Any CPU.Deploy.0 = Release|x86
		{46BA1C70-82FD-41AC-A8FA-FCB36B13A41A}.Release|ARM.ActiveCfg = Release|ARM
		{46BA1C70-82FD-41AC-A8FA-FCB36B13A41A}.Release|ARM.Build.0 = Release|ARM
		{46BA1C70-82FD-41AC-A8FA-FCB36B13A41A}.Release|ARM.Deploy.0 = Release|ARM
		{46BA1C70-82FD-41AC-A8FA-FCB36B13A41A}.Release|iPhone.ActiveCfg = Release|x86
		{46BA1C70-82FD-41AC-A8FA-FCB36B13A41A}.Release|iPhone.Build.0 = Release|x86
		{46BA1C70-82FD-41AC-A8FA-FCB36B13A41A}.Release|iPhone.Deploy.0 = Release|x86
		{46BA1C70-82FD-41AC-A8FA-FCB36B13A41A}.Release|iPhoneSimulator.ActiveCfg = Release|x86
		{46BA1C70-82FD-41AC-A8FA-FCB36B13A41A}.Release|iPhoneSimulator.Build.0 = Release|x86
		{46BA1C70-82FD-41AC-A8FA-FCB36B13A41A}.Release|iPhoneSimulator.Deploy.0 = Release|x86
		{46BA1C70-82FD-41AC-A8FA-FCB36B13A41A}.Release|x64.ActiveCfg = Release|x64
		{46BA1C70-82FD-41AC-A8FA-FCB36B13A41A}.Release|x64.Build.0 = Release|x64
		{46BA1C70-82FD-41AC-A8FA-FCB36B13A41A}.Release|x64.Deploy.0 = Release|x64
		{46BA1C70-82FD-41AC-A8FA-FCB36B13A41A}.Release|x86.ActiveCfg = Release|x86
		{46BA1C70-82FD-41AC-A8FA-FCB36B13A41A}.Release|x86.Build.0 = Release|x86
		{46BA1C70-82FD-41AC-A8FA-FCB36B13A41A}.Release|x86.Deploy.0 = Release|x86
		{A90508A2-4503-46C4-A040-BD06AA04AE1B}.Ad-Hoc|Any CPU.ActiveCfg = Debug|Any CPU
		{A90508A2-4503-46C4-A040-BD06AA04AE1B}.Ad-Hoc|Any CPU.Build.0 = Debug|Any CPU
		{A90508A2-4503-46C4-A040-BD06AA04AE1B}.Ad-Hoc|Any CPU.Deploy.0 = Debug|Any CPU
		{A90508A2-4503-46C4-A040-BD06AA04AE1B}.Ad-Hoc|ARM.ActiveCfg = Debug|Any CPU
		{A90508A2-4503-46C4-A040-BD06AA04AE1B}.Ad-Hoc|ARM.Build.0 = Debug|Any CPU
		{A90508A2-4503-46C4-A040-BD06AA04AE1B}.Ad-Hoc|ARM.Deploy.0 = Debug|Any CPU
		{A90508A2-4503-46C4-A040-BD06AA04AE1B}.Ad-Hoc|iPhone.ActiveCfg = Debug|Any CPU
		{A90508A2-4503-46C4-A040-BD06AA04AE1B}.Ad-Hoc|iPhone.Build.0 = Debug|Any CPU
		{A90508A2-4503-46C4-A040-BD06AA04AE1B}.Ad-Hoc|iPhone.Deploy.0 = Debug|Any CPU
		{A90508A2-4503-46C4-A040-BD06AA04AE1B}.Ad-Hoc|iPhoneSimulator.ActiveCfg = Debug|Any CPU
		{A90508A2-4503-46C4-A040-BD06AA04AE1B}.Ad-Hoc|iPhoneSimulator.Build.0 = Debug|Any CPU
		{A90508A2-4503-46C4-A040-BD06AA04AE1B}.Ad-Hoc|iPhoneSimulator.Deploy.0 = Debug|Any CPU
		{A90508A2-4503-46C4-A040-BD06AA04AE1B}.Ad-Hoc|x64.ActiveCfg = Debug|Any CPU
		{A90508A2-4503-46C4-A040-BD06AA04AE1B}.Ad-Hoc|x64.Build.0 = Debug|Any CPU
		{A90508A2-4503-46C4-A040-BD06AA04AE1B}.Ad-Hoc|x64.Deploy.0 = Debug|Any CPU
		{A90508A2-4503-46C4-A040-BD06AA04AE1B}.Ad-Hoc|x86.ActiveCfg = Debug|Any CPU
		{A90508A2-4503-46C4-A040-BD06AA04AE1B}.Ad-Hoc|x86.Build.0 = Debug|Any CPU
		{A90508A2-4503-46C4-A040-BD06AA04AE1B}.Ad-Hoc|x86.Deploy.0 = Debug|Any CPU
		{A90508A2-4503-46C4-A040-BD06AA04AE1B}.AppStore|Any CPU.ActiveCfg = Debug|Any CPU
		{A90508A2-4503-46C4-A040-BD06AA04AE1B}.AppStore|Any CPU.Build.0 = Debug|Any CPU
		{A90508A2-4503-46C4-A040-BD06AA04AE1B}.AppStore|Any CPU.Deploy.0 = Debug|Any CPU
		{A90508A2-4503-46C4-A040-BD06AA04AE1B}.AppStore|ARM.ActiveCfg = Debug|Any CPU
		{A90508A2-4503-46C4-A040-BD06AA04AE1B}.AppStore|ARM.Build.0 = Debug|Any CPU
		{A90508A2-4503-46C4-A040-BD06AA04AE1B}.AppStore|ARM.Deploy.0 = Debug|Any CPU
		{A90508A2-4503-46C4-A040-BD06AA04AE1B}.AppStore|iPhone.ActiveCfg = Debug|Any CPU
		{A90508A2-4503-46C4-A040-BD06AA04AE1B}.AppStore|iPhone.Build.0 = Debug|Any CPU
		{A90508A2-4503-46C4-A040-BD06AA04AE1B}.AppStore|iPhone.Deploy.0 = Debug|Any CPU
		{A90508A2-4503-46C4-A040-BD06AA04AE1B}.AppStore|iPhoneSimulator.ActiveCfg = Debug|Any CPU
		{A90508A2-4503-46C4-A040-BD06AA04AE1B}.AppStore|iPhoneSimulator.Build.0 = Debug|Any CPU
		{A90508A2-4503-46C4-A040-BD06AA04AE1B}.AppStore|iPhoneSimulator.Deploy.0 = Debug|Any CPU
		{A90508A2-4503-46C4-A040-BD06AA04AE1B}.AppStore|x64.ActiveCfg = Debug|Any CPU
		{A90508A2-4503-46C4-A040-BD06AA04AE1B}.AppStore|x64.Build.0 = Debug|Any CPU
		{A90508A2-4503-46C4-A040-BD06AA04AE1B}.AppStore|x64.Deploy.0 = Debug|Any CPU
		{A90508A2-4503-46C4-A040-BD06AA04AE1B}.AppStore|x86.ActiveCfg = Debug|Any CPU
		{A90508A2-4503-46C4-A040-BD06AA04AE1B}.AppStore|x86.Build.0 = Debug|Any CPU
		{A90508A2-4503-46C4-A040-BD06AA04AE1B}.AppStore|x86.Deploy.0 = Debug|Any CPU
		{A90508A2-4503-46C4-A040-BD06AA04AE1B}.Debug|Any CPU.ActiveCfg = Debug|Any CPU
		{A90508A2-4503-46C4-A040-BD06AA04AE1B}.Debug|Any CPU.Build.0 = Debug|Any CPU
		{A90508A2-4503-46C4-A040-BD06AA04AE1B}.Debug|Any CPU.Deploy.0 = Debug|Any CPU
		{A90508A2-4503-46C4-A040-BD06AA04AE1B}.Debug|ARM.ActiveCfg = Debug|Any CPU
		{A90508A2-4503-46C4-A040-BD06AA04AE1B}.Debug|ARM.Build.0 = Debug|Any CPU
		{A90508A2-4503-46C4-A040-BD06AA04AE1B}.Debug|ARM.Deploy.0 = Debug|Any CPU
		{A90508A2-4503-46C4-A040-BD06AA04AE1B}.Debug|iPhone.ActiveCfg = Debug|Any CPU
		{A90508A2-4503-46C4-A040-BD06AA04AE1B}.Debug|iPhone.Build.0 = Debug|Any CPU
		{A90508A2-4503-46C4-A040-BD06AA04AE1B}.Debug|iPhone.Deploy.0 = Debug|Any CPU
		{A90508A2-4503-46C4-A040-BD06AA04AE1B}.Debug|iPhoneSimulator.ActiveCfg = Debug|Any CPU
		{A90508A2-4503-46C4-A040-BD06AA04AE1B}.Debug|iPhoneSimulator.Build.0 = Debug|Any CPU
		{A90508A2-4503-46C4-A040-BD06AA04AE1B}.Debug|iPhoneSimulator.Deploy.0 = Debug|Any CPU
		{A90508A2-4503-46C4-A040-BD06AA04AE1B}.Debug|x64.ActiveCfg = Debug|Any CPU
		{A90508A2-4503-46C4-A040-BD06AA04AE1B}.Debug|x64.Build.0 = Debug|Any CPU
		{A90508A2-4503-46C4-A040-BD06AA04AE1B}.Debug|x64.Deploy.0 = Debug|Any CPU
		{A90508A2-4503-46C4-A040-BD06AA04AE1B}.Debug|x86.ActiveCfg = Debug|Any CPU
		{A90508A2-4503-46C4-A040-BD06AA04AE1B}.Debug|x86.Build.0 = Debug|Any CPU
		{A90508A2-4503-46C4-A040-BD06AA04AE1B}.Debug|x86.Deploy.0 = Debug|Any CPU
		{A90508A2-4503-46C4-A040-BD06AA04AE1B}.Release|Any CPU.ActiveCfg = Release|Any CPU
		{A90508A2-4503-46C4-A040-BD06AA04AE1B}.Release|Any CPU.Build.0 = Release|Any CPU
		{A90508A2-4503-46C4-A040-BD06AA04AE1B}.Release|Any CPU.Deploy.0 = Release|Any CPU
		{A90508A2-4503-46C4-A040-BD06AA04AE1B}.Release|ARM.ActiveCfg = Release|Any CPU
		{A90508A2-4503-46C4-A040-BD06AA04AE1B}.Release|ARM.Build.0 = Release|Any CPU
		{A90508A2-4503-46C4-A040-BD06AA04AE1B}.Release|ARM.Deploy.0 = Release|Any CPU
		{A90508A2-4503-46C4-A040-BD06AA04AE1B}.Release|iPhone.ActiveCfg = Release|Any CPU
		{A90508A2-4503-46C4-A040-BD06AA04AE1B}.Release|iPhone.Build.0 = Release|Any CPU
		{A90508A2-4503-46C4-A040-BD06AA04AE1B}.Release|iPhone.Deploy.0 = Release|Any CPU
		{A90508A2-4503-46C4-A040-BD06AA04AE1B}.Release|iPhoneSimulator.ActiveCfg = Release|Any CPU
		{A90508A2-4503-46C4-A040-BD06AA04AE1B}.Release|iPhoneSimulator.Build.0 = Release|Any CPU
		{A90508A2-4503-46C4-A040-BD06AA04AE1B}.Release|iPhoneSimulator.Deploy.0 = Release|Any CPU
		{A90508A2-4503-46C4-A040-BD06AA04AE1B}.Release|x64.ActiveCfg = Release|Any CPU
		{A90508A2-4503-46C4-A040-BD06AA04AE1B}.Release|x64.Build.0 = Release|Any CPU
		{A90508A2-4503-46C4-A040-BD06AA04AE1B}.Release|x64.Deploy.0 = Release|Any CPU
		{A90508A2-4503-46C4-A040-BD06AA04AE1B}.Release|x86.ActiveCfg = Release|Any CPU
		{A90508A2-4503-46C4-A040-BD06AA04AE1B}.Release|x86.Build.0 = Release|Any CPU
		{A90508A2-4503-46C4-A040-BD06AA04AE1B}.Release|x86.Deploy.0 = Release|Any CPU
		{3C1872B3-F62B-4B3F-8B1F-A1AC01D2F191}.Ad-Hoc|Any CPU.ActiveCfg = Release|Any CPU
		{3C1872B3-F62B-4B3F-8B1F-A1AC01D2F191}.Ad-Hoc|Any CPU.Build.0 = Release|Any CPU
		{3C1872B3-F62B-4B3F-8B1F-A1AC01D2F191}.Ad-Hoc|ARM.ActiveCfg = Release|Any CPU
		{3C1872B3-F62B-4B3F-8B1F-A1AC01D2F191}.Ad-Hoc|ARM.Build.0 = Release|Any CPU
		{3C1872B3-F62B-4B3F-8B1F-A1AC01D2F191}.Ad-Hoc|iPhone.ActiveCfg = Release|Any CPU
		{3C1872B3-F62B-4B3F-8B1F-A1AC01D2F191}.Ad-Hoc|iPhone.Build.0 = Release|Any CPU
		{3C1872B3-F62B-4B3F-8B1F-A1AC01D2F191}.Ad-Hoc|iPhoneSimulator.ActiveCfg = Release|Any CPU
		{3C1872B3-F62B-4B3F-8B1F-A1AC01D2F191}.Ad-Hoc|iPhoneSimulator.Build.0 = Release|Any CPU
		{3C1872B3-F62B-4B3F-8B1F-A1AC01D2F191}.Ad-Hoc|x64.ActiveCfg = Release|Any CPU
		{3C1872B3-F62B-4B3F-8B1F-A1AC01D2F191}.Ad-Hoc|x64.Build.0 = Release|Any CPU
		{3C1872B3-F62B-4B3F-8B1F-A1AC01D2F191}.Ad-Hoc|x86.ActiveCfg = Release|Any CPU
		{3C1872B3-F62B-4B3F-8B1F-A1AC01D2F191}.Ad-Hoc|x86.Build.0 = Release|Any CPU
		{3C1872B3-F62B-4B3F-8B1F-A1AC01D2F191}.AppStore|Any CPU.ActiveCfg = Release|Any CPU
		{3C1872B3-F62B-4B3F-8B1F-A1AC01D2F191}.AppStore|Any CPU.Build.0 = Release|Any CPU
		{3C1872B3-F62B-4B3F-8B1F-A1AC01D2F191}.AppStore|ARM.ActiveCfg = Release|Any CPU
		{3C1872B3-F62B-4B3F-8B1F-A1AC01D2F191}.AppStore|ARM.Build.0 = Release|Any CPU
		{3C1872B3-F62B-4B3F-8B1F-A1AC01D2F191}.AppStore|iPhone.ActiveCfg = Release|Any CPU
		{3C1872B3-F62B-4B3F-8B1F-A1AC01D2F191}.AppStore|iPhone.Build.0 = Release|Any CPU
		{3C1872B3-F62B-4B3F-8B1F-A1AC01D2F191}.AppStore|iPhoneSimulator.ActiveCfg = Release|Any CPU
		{3C1872B3-F62B-4B3F-8B1F-A1AC01D2F191}.AppStore|iPhoneSimulator.Build.0 = Release|Any CPU
		{3C1872B3-F62B-4B3F-8B1F-A1AC01D2F191}.AppStore|x64.ActiveCfg = Release|Any CPU
		{3C1872B3-F62B-4B3F-8B1F-A1AC01D2F191}.AppStore|x64.Build.0 = Release|Any CPU
		{3C1872B3-F62B-4B3F-8B1F-A1AC01D2F191}.AppStore|x86.ActiveCfg = Release|Any CPU
		{3C1872B3-F62B-4B3F-8B1F-A1AC01D2F191}.AppStore|x86.Build.0 = Release|Any CPU
		{3C1872B3-F62B-4B3F-8B1F-A1AC01D2F191}.Debug|Any CPU.ActiveCfg = Debug|Any CPU
		{3C1872B3-F62B-4B3F-8B1F-A1AC01D2F191}.Debug|Any CPU.Build.0 = Debug|Any CPU
		{3C1872B3-F62B-4B3F-8B1F-A1AC01D2F191}.Debug|ARM.ActiveCfg = Debug|Any CPU
		{3C1872B3-F62B-4B3F-8B1F-A1AC01D2F191}.Debug|ARM.Build.0 = Debug|Any CPU
		{3C1872B3-F62B-4B3F-8B1F-A1AC01D2F191}.Debug|iPhone.ActiveCfg = Debug|Any CPU
		{3C1872B3-F62B-4B3F-8B1F-A1AC01D2F191}.Debug|iPhone.Build.0 = Debug|Any CPU
		{3C1872B3-F62B-4B3F-8B1F-A1AC01D2F191}.Debug|iPhoneSimulator.ActiveCfg = Debug|Any CPU
		{3C1872B3-F62B-4B3F-8B1F-A1AC01D2F191}.Debug|iPhoneSimulator.Build.0 = Debug|Any CPU
		{3C1872B3-F62B-4B3F-8B1F-A1AC01D2F191}.Debug|x64.ActiveCfg = Debug|Any CPU
		{3C1872B3-F62B-4B3F-8B1F-A1AC01D2F191}.Debug|x64.Build.0 = Debug|Any CPU
		{3C1872B3-F62B-4B3F-8B1F-A1AC01D2F191}.Debug|x86.ActiveCfg = Debug|Any CPU
		{3C1872B3-F62B-4B3F-8B1F-A1AC01D2F191}.Debug|x86.Build.0 = Debug|Any CPU
		{3C1872B3-F62B-4B3F-8B1F-A1AC01D2F191}.Release|Any CPU.ActiveCfg = Release|Any CPU
		{3C1872B3-F62B-4B3F-8B1F-A1AC01D2F191}.Release|Any CPU.Build.0 = Release|Any CPU
		{3C1872B3-F62B-4B3F-8B1F-A1AC01D2F191}.Release|ARM.ActiveCfg = Release|Any CPU
		{3C1872B3-F62B-4B3F-8B1F-A1AC01D2F191}.Release|ARM.Build.0 = Release|Any CPU
		{3C1872B3-F62B-4B3F-8B1F-A1AC01D2F191}.Release|iPhone.ActiveCfg = Release|Any CPU
		{3C1872B3-F62B-4B3F-8B1F-A1AC01D2F191}.Release|iPhone.Build.0 = Release|Any CPU
		{3C1872B3-F62B-4B3F-8B1F-A1AC01D2F191}.Release|iPhoneSimulator.ActiveCfg = Release|Any CPU
		{3C1872B3-F62B-4B3F-8B1F-A1AC01D2F191}.Release|iPhoneSimulator.Build.0 = Release|Any CPU
		{3C1872B3-F62B-4B3F-8B1F-A1AC01D2F191}.Release|x64.ActiveCfg = Release|Any CPU
		{3C1872B3-F62B-4B3F-8B1F-A1AC01D2F191}.Release|x64.Build.0 = Release|Any CPU
		{3C1872B3-F62B-4B3F-8B1F-A1AC01D2F191}.Release|x86.ActiveCfg = Release|Any CPU
		{3C1872B3-F62B-4B3F-8B1F-A1AC01D2F191}.Release|x86.Build.0 = Release|Any CPU
		{DCFCC63D-7750-48FC-A644-15864228007F}.Ad-Hoc|Any CPU.ActiveCfg = Release|Any CPU
		{DCFCC63D-7750-48FC-A644-15864228007F}.Ad-Hoc|Any CPU.Build.0 = Release|Any CPU
		{DCFCC63D-7750-48FC-A644-15864228007F}.Ad-Hoc|ARM.ActiveCfg = Release|Any CPU
		{DCFCC63D-7750-48FC-A644-15864228007F}.Ad-Hoc|ARM.Build.0 = Release|Any CPU
		{DCFCC63D-7750-48FC-A644-15864228007F}.Ad-Hoc|iPhone.ActiveCfg = Release|Any CPU
		{DCFCC63D-7750-48FC-A644-15864228007F}.Ad-Hoc|iPhone.Build.0 = Release|Any CPU
		{DCFCC63D-7750-48FC-A644-15864228007F}.Ad-Hoc|iPhoneSimulator.ActiveCfg = Release|Any CPU
		{DCFCC63D-7750-48FC-A644-15864228007F}.Ad-Hoc|iPhoneSimulator.Build.0 = Release|Any CPU
		{DCFCC63D-7750-48FC-A644-15864228007F}.Ad-Hoc|x64.ActiveCfg = Release|Any CPU
		{DCFCC63D-7750-48FC-A644-15864228007F}.Ad-Hoc|x64.Build.0 = Release|Any CPU
		{DCFCC63D-7750-48FC-A644-15864228007F}.Ad-Hoc|x86.ActiveCfg = Release|Any CPU
		{DCFCC63D-7750-48FC-A644-15864228007F}.Ad-Hoc|x86.Build.0 = Release|Any CPU
		{DCFCC63D-7750-48FC-A644-15864228007F}.AppStore|Any CPU.ActiveCfg = Release|Any CPU
		{DCFCC63D-7750-48FC-A644-15864228007F}.AppStore|Any CPU.Build.0 = Release|Any CPU
		{DCFCC63D-7750-48FC-A644-15864228007F}.AppStore|ARM.ActiveCfg = Release|Any CPU
		{DCFCC63D-7750-48FC-A644-15864228007F}.AppStore|ARM.Build.0 = Release|Any CPU
		{DCFCC63D-7750-48FC-A644-15864228007F}.AppStore|iPhone.ActiveCfg = Release|Any CPU
		{DCFCC63D-7750-48FC-A644-15864228007F}.AppStore|iPhone.Build.0 = Release|Any CPU
		{DCFCC63D-7750-48FC-A644-15864228007F}.AppStore|iPhoneSimulator.ActiveCfg = Release|Any CPU
		{DCFCC63D-7750-48FC-A644-15864228007F}.AppStore|iPhoneSimulator.Build.0 = Release|Any CPU
		{DCFCC63D-7750-48FC-A644-15864228007F}.AppStore|x64.ActiveCfg = Release|Any CPU
		{DCFCC63D-7750-48FC-A644-15864228007F}.AppStore|x64.Build.0 = Release|Any CPU
		{DCFCC63D-7750-48FC-A644-15864228007F}.AppStore|x86.ActiveCfg = Release|Any CPU
		{DCFCC63D-7750-48FC-A644-15864228007F}.AppStore|x86.Build.0 = Release|Any CPU
		{DCFCC63D-7750-48FC-A644-15864228007F}.Debug|Any CPU.ActiveCfg = Debug|Any CPU
		{DCFCC63D-7750-48FC-A644-15864228007F}.Debug|Any CPU.Build.0 = Debug|Any CPU
		{DCFCC63D-7750-48FC-A644-15864228007F}.Debug|ARM.ActiveCfg = Debug|Any CPU
		{DCFCC63D-7750-48FC-A644-15864228007F}.Debug|ARM.Build.0 = Debug|Any CPU
		{DCFCC63D-7750-48FC-A644-15864228007F}.Debug|iPhone.ActiveCfg = Debug|Any CPU
		{DCFCC63D-7750-48FC-A644-15864228007F}.Debug|iPhone.Build.0 = Debug|Any CPU
		{DCFCC63D-7750-48FC-A644-15864228007F}.Debug|iPhoneSimulator.ActiveCfg = Debug|Any CPU
		{DCFCC63D-7750-48FC-A644-15864228007F}.Debug|iPhoneSimulator.Build.0 = Debug|Any CPU
		{DCFCC63D-7750-48FC-A644-15864228007F}.Debug|x64.ActiveCfg = Debug|Any CPU
		{DCFCC63D-7750-48FC-A644-15864228007F}.Debug|x64.Build.0 = Debug|Any CPU
		{DCFCC63D-7750-48FC-A644-15864228007F}.Debug|x86.ActiveCfg = Debug|Any CPU
		{DCFCC63D-7750-48FC-A644-15864228007F}.Debug|x86.Build.0 = Debug|Any CPU
		{DCFCC63D-7750-48FC-A644-15864228007F}.Release|Any CPU.ActiveCfg = Release|Any CPU
		{DCFCC63D-7750-48FC-A644-15864228007F}.Release|Any CPU.Build.0 = Release|Any CPU
		{DCFCC63D-7750-48FC-A644-15864228007F}.Release|ARM.ActiveCfg = Release|Any CPU
		{DCFCC63D-7750-48FC-A644-15864228007F}.Release|ARM.Build.0 = Release|Any CPU
		{DCFCC63D-7750-48FC-A644-15864228007F}.Release|iPhone.ActiveCfg = Release|Any CPU
		{DCFCC63D-7750-48FC-A644-15864228007F}.Release|iPhone.Build.0 = Release|Any CPU
		{DCFCC63D-7750-48FC-A644-15864228007F}.Release|iPhoneSimulator.ActiveCfg = Release|Any CPU
		{DCFCC63D-7750-48FC-A644-15864228007F}.Release|iPhoneSimulator.Build.0 = Release|Any CPU
		{DCFCC63D-7750-48FC-A644-15864228007F}.Release|x64.ActiveCfg = Release|Any CPU
		{DCFCC63D-7750-48FC-A644-15864228007F}.Release|x64.Build.0 = Release|Any CPU
		{DCFCC63D-7750-48FC-A644-15864228007F}.Release|x86.ActiveCfg = Release|Any CPU
		{DCFCC63D-7750-48FC-A644-15864228007F}.Release|x86.Build.0 = Release|Any CPU
		{C1944D9B-6FAB-4063-8258-96E7826592C1}.Ad-Hoc|Any CPU.ActiveCfg = Release|Any CPU
		{C1944D9B-6FAB-4063-8258-96E7826592C1}.Ad-Hoc|Any CPU.Build.0 = Release|Any CPU
		{C1944D9B-6FAB-4063-8258-96E7826592C1}.Ad-Hoc|ARM.ActiveCfg = Release|Any CPU
		{C1944D9B-6FAB-4063-8258-96E7826592C1}.Ad-Hoc|ARM.Build.0 = Release|Any CPU
		{C1944D9B-6FAB-4063-8258-96E7826592C1}.Ad-Hoc|iPhone.ActiveCfg = Release|Any CPU
		{C1944D9B-6FAB-4063-8258-96E7826592C1}.Ad-Hoc|iPhone.Build.0 = Release|Any CPU
		{C1944D9B-6FAB-4063-8258-96E7826592C1}.Ad-Hoc|iPhoneSimulator.ActiveCfg = Release|Any CPU
		{C1944D9B-6FAB-4063-8258-96E7826592C1}.Ad-Hoc|iPhoneSimulator.Build.0 = Release|Any CPU
		{C1944D9B-6FAB-4063-8258-96E7826592C1}.Ad-Hoc|x64.ActiveCfg = Release|Any CPU
		{C1944D9B-6FAB-4063-8258-96E7826592C1}.Ad-Hoc|x64.Build.0 = Release|Any CPU
		{C1944D9B-6FAB-4063-8258-96E7826592C1}.Ad-Hoc|x86.ActiveCfg = Release|Any CPU
		{C1944D9B-6FAB-4063-8258-96E7826592C1}.Ad-Hoc|x86.Build.0 = Release|Any CPU
		{C1944D9B-6FAB-4063-8258-96E7826592C1}.AppStore|Any CPU.ActiveCfg = Release|Any CPU
		{C1944D9B-6FAB-4063-8258-96E7826592C1}.AppStore|Any CPU.Build.0 = Release|Any CPU
		{C1944D9B-6FAB-4063-8258-96E7826592C1}.AppStore|ARM.ActiveCfg = Release|Any CPU
		{C1944D9B-6FAB-4063-8258-96E7826592C1}.AppStore|ARM.Build.0 = Release|Any CPU
		{C1944D9B-6FAB-4063-8258-96E7826592C1}.AppStore|iPhone.ActiveCfg = Release|Any CPU
		{C1944D9B-6FAB-4063-8258-96E7826592C1}.AppStore|iPhone.Build.0 = Release|Any CPU
		{C1944D9B-6FAB-4063-8258-96E7826592C1}.AppStore|iPhoneSimulator.ActiveCfg = Release|Any CPU
		{C1944D9B-6FAB-4063-8258-96E7826592C1}.AppStore|iPhoneSimulator.Build.0 = Release|Any CPU
		{C1944D9B-6FAB-4063-8258-96E7826592C1}.AppStore|x64.ActiveCfg = Release|Any CPU
		{C1944D9B-6FAB-4063-8258-96E7826592C1}.AppStore|x64.Build.0 = Release|Any CPU
		{C1944D9B-6FAB-4063-8258-96E7826592C1}.AppStore|x86.ActiveCfg = Release|Any CPU
		{C1944D9B-6FAB-4063-8258-96E7826592C1}.AppStore|x86.Build.0 = Release|Any CPU
		{C1944D9B-6FAB-4063-8258-96E7826592C1}.Debug|Any CPU.ActiveCfg = Debug|Any CPU
		{C1944D9B-6FAB-4063-8258-96E7826592C1}.Debug|Any CPU.Build.0 = Debug|Any CPU
		{C1944D9B-6FAB-4063-8258-96E7826592C1}.Debug|ARM.ActiveCfg = Debug|Any CPU
		{C1944D9B-6FAB-4063-8258-96E7826592C1}.Debug|ARM.Build.0 = Debug|Any CPU
		{C1944D9B-6FAB-4063-8258-96E7826592C1}.Debug|iPhone.ActiveCfg = Debug|Any CPU
		{C1944D9B-6FAB-4063-8258-96E7826592C1}.Debug|iPhone.Build.0 = Debug|Any CPU
		{C1944D9B-6FAB-4063-8258-96E7826592C1}.Debug|iPhoneSimulator.ActiveCfg = Debug|Any CPU
		{C1944D9B-6FAB-4063-8258-96E7826592C1}.Debug|iPhoneSimulator.Build.0 = Debug|Any CPU
		{C1944D9B-6FAB-4063-8258-96E7826592C1}.Debug|x64.ActiveCfg = Debug|Any CPU
		{C1944D9B-6FAB-4063-8258-96E7826592C1}.Debug|x64.Build.0 = Debug|Any CPU
		{C1944D9B-6FAB-4063-8258-96E7826592C1}.Debug|x86.ActiveCfg = Debug|Any CPU
		{C1944D9B-6FAB-4063-8258-96E7826592C1}.Debug|x86.Build.0 = Debug|Any CPU
		{C1944D9B-6FAB-4063-8258-96E7826592C1}.Release|Any CPU.ActiveCfg = Release|Any CPU
		{C1944D9B-6FAB-4063-8258-96E7826592C1}.Release|Any CPU.Build.0 = Release|Any CPU
		{C1944D9B-6FAB-4063-8258-96E7826592C1}.Release|ARM.ActiveCfg = Release|Any CPU
		{C1944D9B-6FAB-4063-8258-96E7826592C1}.Release|ARM.Build.0 = Release|Any CPU
		{C1944D9B-6FAB-4063-8258-96E7826592C1}.Release|iPhone.ActiveCfg = Release|Any CPU
		{C1944D9B-6FAB-4063-8258-96E7826592C1}.Release|iPhone.Build.0 = Release|Any CPU
		{C1944D9B-6FAB-4063-8258-96E7826592C1}.Release|iPhoneSimulator.ActiveCfg = Release|Any CPU
		{C1944D9B-6FAB-4063-8258-96E7826592C1}.Release|iPhoneSimulator.Build.0 = Release|Any CPU
		{C1944D9B-6FAB-4063-8258-96E7826592C1}.Release|x64.ActiveCfg = Release|Any CPU
		{C1944D9B-6FAB-4063-8258-96E7826592C1}.Release|x64.Build.0 = Release|Any CPU
		{C1944D9B-6FAB-4063-8258-96E7826592C1}.Release|x86.ActiveCfg = Release|Any CPU
		{C1944D9B-6FAB-4063-8258-96E7826592C1}.Release|x86.Build.0 = Release|Any CPU
		{A782805C-6E7E-4D27-980F-C14D3FB39FEC}.Ad-Hoc|Any CPU.ActiveCfg = Release|Any CPU
		{A782805C-6E7E-4D27-980F-C14D3FB39FEC}.Ad-Hoc|Any CPU.Build.0 = Release|Any CPU
		{A782805C-6E7E-4D27-980F-C14D3FB39FEC}.Ad-Hoc|ARM.ActiveCfg = Release|Any CPU
		{A782805C-6E7E-4D27-980F-C14D3FB39FEC}.Ad-Hoc|ARM.Build.0 = Release|Any CPU
		{A782805C-6E7E-4D27-980F-C14D3FB39FEC}.Ad-Hoc|iPhone.ActiveCfg = Release|Any CPU
		{A782805C-6E7E-4D27-980F-C14D3FB39FEC}.Ad-Hoc|iPhone.Build.0 = Release|Any CPU
		{A782805C-6E7E-4D27-980F-C14D3FB39FEC}.Ad-Hoc|iPhoneSimulator.ActiveCfg = Release|Any CPU
		{A782805C-6E7E-4D27-980F-C14D3FB39FEC}.Ad-Hoc|iPhoneSimulator.Build.0 = Release|Any CPU
		{A782805C-6E7E-4D27-980F-C14D3FB39FEC}.Ad-Hoc|x64.ActiveCfg = Release|Any CPU
		{A782805C-6E7E-4D27-980F-C14D3FB39FEC}.Ad-Hoc|x64.Build.0 = Release|Any CPU
		{A782805C-6E7E-4D27-980F-C14D3FB39FEC}.Ad-Hoc|x86.ActiveCfg = Release|Any CPU
		{A782805C-6E7E-4D27-980F-C14D3FB39FEC}.Ad-Hoc|x86.Build.0 = Release|Any CPU
		{A782805C-6E7E-4D27-980F-C14D3FB39FEC}.AppStore|Any CPU.ActiveCfg = Release|Any CPU
		{A782805C-6E7E-4D27-980F-C14D3FB39FEC}.AppStore|Any CPU.Build.0 = Release|Any CPU
		{A782805C-6E7E-4D27-980F-C14D3FB39FEC}.AppStore|ARM.ActiveCfg = Release|Any CPU
		{A782805C-6E7E-4D27-980F-C14D3FB39FEC}.AppStore|ARM.Build.0 = Release|Any CPU
		{A782805C-6E7E-4D27-980F-C14D3FB39FEC}.AppStore|iPhone.ActiveCfg = Release|Any CPU
		{A782805C-6E7E-4D27-980F-C14D3FB39FEC}.AppStore|iPhone.Build.0 = Release|Any CPU
		{A782805C-6E7E-4D27-980F-C14D3FB39FEC}.AppStore|iPhoneSimulator.ActiveCfg = Release|Any CPU
		{A782805C-6E7E-4D27-980F-C14D3FB39FEC}.AppStore|iPhoneSimulator.Build.0 = Release|Any CPU
		{A782805C-6E7E-4D27-980F-C14D3FB39FEC}.AppStore|x64.ActiveCfg = Release|Any CPU
		{A782805C-6E7E-4D27-980F-C14D3FB39FEC}.AppStore|x64.Build.0 = Release|Any CPU
		{A782805C-6E7E-4D27-980F-C14D3FB39FEC}.AppStore|x86.ActiveCfg = Release|Any CPU
		{A782805C-6E7E-4D27-980F-C14D3FB39FEC}.AppStore|x86.Build.0 = Release|Any CPU
		{A782805C-6E7E-4D27-980F-C14D3FB39FEC}.Debug|Any CPU.ActiveCfg = Debug|Any CPU
		{A782805C-6E7E-4D27-980F-C14D3FB39FEC}.Debug|Any CPU.Build.0 = Debug|Any CPU
		{A782805C-6E7E-4D27-980F-C14D3FB39FEC}.Debug|ARM.ActiveCfg = Debug|Any CPU
		{A782805C-6E7E-4D27-980F-C14D3FB39FEC}.Debug|ARM.Build.0 = Debug|Any CPU
		{A782805C-6E7E-4D27-980F-C14D3FB39FEC}.Debug|iPhone.ActiveCfg = Debug|Any CPU
		{A782805C-6E7E-4D27-980F-C14D3FB39FEC}.Debug|iPhone.Build.0 = Debug|Any CPU
		{A782805C-6E7E-4D27-980F-C14D3FB39FEC}.Debug|iPhoneSimulator.ActiveCfg = Debug|Any CPU
		{A782805C-6E7E-4D27-980F-C14D3FB39FEC}.Debug|iPhoneSimulator.Build.0 = Debug|Any CPU
		{A782805C-6E7E-4D27-980F-C14D3FB39FEC}.Debug|x64.ActiveCfg = Debug|Any CPU
		{A782805C-6E7E-4D27-980F-C14D3FB39FEC}.Debug|x64.Build.0 = Debug|Any CPU
		{A782805C-6E7E-4D27-980F-C14D3FB39FEC}.Debug|x86.ActiveCfg = Debug|Any CPU
		{A782805C-6E7E-4D27-980F-C14D3FB39FEC}.Debug|x86.Build.0 = Debug|Any CPU
		{A782805C-6E7E-4D27-980F-C14D3FB39FEC}.Release|Any CPU.ActiveCfg = Release|Any CPU
		{A782805C-6E7E-4D27-980F-C14D3FB39FEC}.Release|Any CPU.Build.0 = Release|Any CPU
		{A782805C-6E7E-4D27-980F-C14D3FB39FEC}.Release|ARM.ActiveCfg = Release|Any CPU
		{A782805C-6E7E-4D27-980F-C14D3FB39FEC}.Release|ARM.Build.0 = Release|Any CPU
		{A782805C-6E7E-4D27-980F-C14D3FB39FEC}.Release|iPhone.ActiveCfg = Release|Any CPU
		{A782805C-6E7E-4D27-980F-C14D3FB39FEC}.Release|iPhone.Build.0 = Release|Any CPU
		{A782805C-6E7E-4D27-980F-C14D3FB39FEC}.Release|iPhoneSimulator.ActiveCfg = Release|Any CPU
		{A782805C-6E7E-4D27-980F-C14D3FB39FEC}.Release|iPhoneSimulator.Build.0 = Release|Any CPU
		{A782805C-6E7E-4D27-980F-C14D3FB39FEC}.Release|x64.ActiveCfg = Release|Any CPU
		{A782805C-6E7E-4D27-980F-C14D3FB39FEC}.Release|x64.Build.0 = Release|Any CPU
		{A782805C-6E7E-4D27-980F-C14D3FB39FEC}.Release|x86.ActiveCfg = Release|Any CPU
		{A782805C-6E7E-4D27-980F-C14D3FB39FEC}.Release|x86.Build.0 = Release|Any CPU
	EndGlobalSection
	GlobalSection(SolutionProperties) = preSolution
		HideSolutionNode = FALSE
	EndGlobalSection
	GlobalSection(ExtensibilityGlobals) = postSolution
		SolutionGuid = {E4D088DB-BC1D-46E7-A238-1344E98A62E6}
	EndGlobalSection
EndGlobal
